
Microsoft Visual Studio Solution File, Format Version 12.00
# Visual Studio Version 17
VisualStudioVersion = 17.14.36518.9 d17.14
MinimumVisualStudioVersion = 10.0.40219.1
Project("{FAE04EC0-301F-11D3-BF4B-00C04F79EFBC}") = "Script de Cache", "Script de Cache.csproj", "{713D16CE-3BD4-4DB1-88AF-1589C6E8DBDE}"
EndProject
Global
	GlobalSection(SolutionConfigurationPlatforms) = preSolution
		Debug|Any CPU = Debug|Any CPU
		Release|Any CPU = Release|Any CPU
	EndGlobalSection
	GlobalSection(ProjectConfigurationPlatforms) = postSolution
		{713D16CE-3BD4-4DB1-88AF-1589C6E8DBDE}.Debug|Any CPU.ActiveCfg = Debug|Any CPU
		{713D16CE-3BD4-4DB1-88AF-1589C6E8DBDE}.Debug|Any CPU.Build.0 = Debug|Any CPU
		{713D16CE-3BD4-4DB1-88AF-1589C6E8DBDE}.Release|Any CPU.ActiveCfg = Release|Any CPU
		{713D16CE-3BD4-4DB1-88AF-1589C6E8DBDE}.Release|Any CPU.Build.0 = Release|Any CPU
	EndGlobalSection
	GlobalSection(SolutionProperties) = preSolution
		HideSolutionNode = FALSE
	EndGlobalSection
	GlobalSection(ExtensibilityGlobals) = postSolution
		SolutionGuid = {3352796D-AFD2-4064-A343-A62F9AA4356C}
	EndGlobalSection
EndGlobal
